{
  "name": "Netflix clone",
  "lockfileVersion": 2,
  "requires": true,
  "packages": {
    "": {
      "dependencies": {
        "yenepaysdk": "^1.2.0"
      }
    },
    "node_modules/yenepaysdk": {
      "version": "1.2.0",
      "resolved": "https://registry.npmjs.org/yenepaysdk/-/yenepaysdk-1.2.0.tgz",
      "integrity": "sha512-APcQB2F0PX6s8Mj3LkHm34XRN4cHIlyc+MpUPo6eWMV16s/JkBAoflFjD4xiFRrdJW6bD8lOQwz+B/Vfj9jeVw=="
    }
  },
  "dependencies": {
    "yenepaysdk": {
      "version": "1.2.0",
      "resolved": "https://registry.npmjs.org/yenepaysdk/-/yenepaysdk-1.2.0.tgz",
      "integrity": "sha512-APcQB2F0PX6s8Mj3LkHm34XRN4cHIlyc+MpUPo6eWMV16s/JkBAoflFjD4xiFRrdJW6bD8lOQwz+B/Vfj9jeVw=="
    }
  }
}
